# THIS IS AN AUTOGENERATED FILE. DO NOT EDIT THIS FILE DIRECTLY.
# yarn lockfile v1


"@babel/runtime@^7.19.0":
  version "7.19.4"
  resolved "https://registry.yarnpkg.com/@babel/runtime/-/runtime-7.19.4.tgz#a42f814502ee467d55b38dd1c256f53a7b885c78"
  integrity sha512-EXpLCrk55f+cYqmHsSR+yD/0gAIMxxA9QK9lnQWzhMCvt+YmoBN7Zx94s++Kv0+unHk39vxNO8t+CMA2WSS3wA==
  dependencies:
    regenerator-runtime "^0.13.4"

"@mui/icons-material@^5.10.9":
  version "5.10.9"
  resolved "https://registry.yarnpkg.com/@mui/icons-material/-/icons-material-5.10.9.tgz#f9522c49797caf30146acc576e37ecb4f95bbc38"
  integrity sha512-sqClXdEM39WKQJOQ0ZCPTptaZgqwibhj2EFV9N0v7BU1PO8y4OcX/a2wIQHn4fNuDjIZktJIBrmU23h7aqlGgg==
  dependencies:
    "@babel/runtime" "^7.19.0"

regenerator-runtime@^0.13.4:
  version "0.13.10"
  resolved "https://registry.yarnpkg.com/regenerator-runtime/-/regenerator-runtime-0.13.10.tgz#ed07b19616bcbec5da6274ebc75ae95634bfc2ee"
  integrity sha512-KepLsg4dU12hryUO7bp/axHAKvwGOCV0sGloQtpagJ12ai+ojVDqkeGSiRX1zlq+kjIMZ1t7gpze+26QqtdGqw==
